{
    "version": 3,
    "terraform_version": "0.11.7",
    "serial": 5,
    "lineage": "b610e5db-5874-068c-233e-29c5da12da5f",
    "modules": [
        {
            "path": [
                "root"
            ],
            "outputs": {
                "floating_ip_1": {
                    "sensitive": false,
                    "type": "string",
                    "value": "138.197.238.65"
                },
                "floating_ip_2": {
                    "sensitive": false,
                    "type": "string",
                    "value": "167.99.25.102"
                },
                "floating_ip_3": {
                    "sensitive": false,
                    "type": "string",
                    "value": "138.68.38.55"
                },
                "swarm_manager_1_private_ip": {
                    "sensitive": false,
                    "type": "string",
                    "value": "10.138.212.58"
                },
                "swarm_manager_1_public_ip": {
                    "sensitive": false,
                    "type": "string",
                    "value": "206.189.165.66"
                },
                "swarm_manager_2_private_ip": {
                    "sensitive": false,
                    "type": "string",
                    "value": "10.138.12.132"
                },
                "swarm_manager_2_public_ip": {
                    "sensitive": false,
                    "type": "string",
                    "value": "206.189.167.71"
                },
                "swarm_manager_3_private_ip": {
                    "sensitive": false,
                    "type": "string",
                    "value": "10.138.12.156"
                },
                "swarm_manager_3_public_ip": {
                    "sensitive": false,
                    "type": "string",
                    "value": "206.189.167.97"
                }
            },
            "resources": {
                "digitalocean_droplet.swarm-manager.0": {
                    "type": "digitalocean_droplet",
                    "depends_on": [
                        "digitalocean_ssh_key.docker"
                    ],
                    "primary": {
                        "id": "94629063",
                        "attributes": {
                            "disk": "30",
                            "id": "94629063",
                            "image": "34577249",
                            "ipv4_address": "206.189.165.66",
                            "ipv4_address_private": "10.138.212.58",
                            "locked": "false",
                            "name": "swarm-manager-01",
                            "price_hourly": "0.01488",
                            "price_monthly": "10",
                            "private_networking": "true",
                            "region": "sfo2",
                            "resize_disk": "true",
                            "size": "1gb",
                            "ssh_keys.#": "1",
                            "ssh_keys.0": "20993041",
                            "status": "active",
                            "tags.#": "0",
                            "vcpus": "1"
                        },
                        "meta": {},
                        "tainted": false
                    },
                    "deposed": [],
                    "provider": "provider.digitalocean"
                },
                "digitalocean_droplet.swarm-manager.1": {
                    "type": "digitalocean_droplet",
                    "depends_on": [
                        "digitalocean_ssh_key.docker"
                    ],
                    "primary": {
                        "id": "94629597",
                        "attributes": {
                            "disk": "30",
                            "id": "94629597",
                            "image": "34577249",
                            "ipv4_address": "206.189.167.71",
                            "ipv4_address_private": "10.138.12.132",
                            "locked": "false",
                            "name": "swarm-manager-02",
                            "price_hourly": "0.01488",
                            "price_monthly": "10",
                            "private_networking": "true",
                            "region": "sfo2",
                            "resize_disk": "true",
                            "size": "1gb",
                            "ssh_keys.#": "1",
                            "ssh_keys.0": "20993041",
                            "status": "active",
                            "tags.#": "0",
                            "vcpus": "1"
                        },
                        "meta": {},
                        "tainted": false
                    },
                    "deposed": [],
                    "provider": "provider.digitalocean"
                },
                "digitalocean_droplet.swarm-manager.2": {
                    "type": "digitalocean_droplet",
                    "depends_on": [
                        "digitalocean_ssh_key.docker"
                    ],
                    "primary": {
                        "id": "94629594",
                        "attributes": {
                            "disk": "30",
                            "id": "94629594",
                            "image": "34577249",
                            "ipv4_address": "206.189.167.97",
                            "ipv4_address_private": "10.138.12.156",
                            "locked": "false",
                            "name": "swarm-manager-03",
                            "price_hourly": "0.01488",
                            "price_monthly": "10",
                            "private_networking": "true",
                            "region": "sfo2",
                            "resize_disk": "true",
                            "size": "1gb",
                            "ssh_keys.#": "1",
                            "ssh_keys.0": "20993041",
                            "status": "active",
                            "tags.#": "0",
                            "vcpus": "1"
                        },
                        "meta": {},
                        "tainted": false
                    },
                    "deposed": [],
                    "provider": "provider.digitalocean"
                },
                "digitalocean_droplet.swarm-worker.0": {
                    "type": "digitalocean_droplet",
                    "depends_on": [
                        "digitalocean_ssh_key.docker"
                    ],
                    "primary": {
                        "id": "94629595",
                        "attributes": {
                            "disk": "30",
                            "id": "94629595",
                            "image": "34577249",
                            "ipv4_address": "206.189.167.245",
                            "ipv4_address_private": "10.138.12.131",
                            "locked": "false",
                            "name": "swarm-worker-01",
                            "price_hourly": "0.01488",
                            "price_monthly": "10",
                            "private_networking": "true",
                            "region": "sfo2",
                            "resize_disk": "true",
                            "size": "1gb",
                            "ssh_keys.#": "1",
                            "ssh_keys.0": "20993041",
                            "status": "active",
                            "tags.#": "0",
                            "vcpus": "1"
                        },
                        "meta": {},
                        "tainted": false
                    },
                    "deposed": [],
                    "provider": "provider.digitalocean"
                },
                "digitalocean_droplet.swarm-worker.1": {
                    "type": "digitalocean_droplet",
                    "depends_on": [
                        "digitalocean_ssh_key.docker"
                    ],
                    "primary": {
                        "id": "94632378",
                        "attributes": {
                            "disk": "30",
                            "id": "94632378",
                            "image": "34577249",
                            "ipv4_address": "165.227.57.150",
                            "ipv4_address_private": "10.138.168.74",
                            "locked": "false",
                            "name": "swarm-worker-02",
                            "price_hourly": "0.01488",
                            "price_monthly": "10",
                            "private_networking": "true",
                            "region": "sfo2",
                            "resize_disk": "true",
                            "size": "1gb",
                            "ssh_keys.#": "1",
                            "ssh_keys.0": "20993041",
                            "status": "active",
                            "tags.#": "0",
                            "vcpus": "1"
                        },
                        "meta": {},
                        "tainted": false
                    },
                    "deposed": [],
                    "provider": "provider.digitalocean"
                },
                "digitalocean_floating_ip.docker_1": {
                    "type": "digitalocean_floating_ip",
                    "depends_on": [
                        "digitalocean_droplet.swarm-manager"
                    ],
                    "primary": {
                        "id": "138.197.238.65",
                        "attributes": {
                            "droplet_id": "94629063",
                            "id": "138.197.238.65",
                            "ip_address": "138.197.238.65",
                            "region": "sfo2"
                        },
                        "meta": {},
                        "tainted": false
                    },
                    "deposed": [],
                    "provider": "provider.digitalocean"
                },
                "digitalocean_floating_ip.docker_2": {
                    "type": "digitalocean_floating_ip",
                    "depends_on": [
                        "digitalocean_droplet.swarm-manager.1"
                    ],
                    "primary": {
                        "id": "167.99.25.102",
                        "attributes": {
                            "droplet_id": "94629597",
                            "id": "167.99.25.102",
                            "ip_address": "167.99.25.102",
                            "region": "sfo2"
                        },
                        "meta": {},
                        "tainted": false
                    },
                    "deposed": [],
                    "provider": "provider.digitalocean"
                },
                "digitalocean_floating_ip.docker_3": {
                    "type": "digitalocean_floating_ip",
                    "depends_on": [
                        "digitalocean_droplet.swarm-manager.2"
                    ],
                    "primary": {
                        "id": "138.68.38.55",
                        "attributes": {
                            "droplet_id": "94629594",
                            "id": "138.68.38.55",
                            "ip_address": "138.68.38.55",
                            "region": "sfo2"
                        },
                        "meta": {},
                        "tainted": false
                    },
                    "deposed": [],
                    "provider": "provider.digitalocean"
                },
                "digitalocean_ssh_key.docker": {
                    "type": "digitalocean_ssh_key",
                    "depends_on": [],
                    "primary": {
                        "id": "20993041",
                        "attributes": {
                            "fingerprint": "97:f1:c2:1d:b1:7e:13:68:30:8b:40:ec:84:6f:bc:45",
                            "id": "20993041",
                            "name": "devops21-do",
                            "public_key": "ssh-rsa AAAAB3NzaC1yc2EAAAADAQABAAABAQDFBxWMO6HaFvkHKCn1+e76lhuys/aqhGJlL2qk6VKj7VFNxLSzn+tU0WnonsqmMwW4QPJjBH5YjrS0PZgNnsxZbRni5SU1SVeIkFxJDdXgps45lTceYrNGIiWRgd06wAliONkCQ3nQ50/762DbGca7mBKXiQUVPyZmHDaHo67DXCrhW/My3zfW54Xpj7+02ell5SaUfAopofyc4DXJjckHCjGL4PhLN2R5jsJnIzt7zEKIYaQk9CiT25gpc1y6SalxC7MVFLqCTUYOOOzlJxbjQ8xun+b/cmgrwYqpDUPnwDkoP6WegBefAvxBn05lDZsL2udPzhMJGZBzLUaAE3ab paul@Pauls-MacBook-Pro.local"
                        },
                        "meta": {},
                        "tainted": false
                    },
                    "deposed": [],
                    "provider": "provider.digitalocean"
                }
            },
            "depends_on": []
        }
    ]
}
